
Microsoft Visual Studio Solution File, Format Version 12.00
# Visual Studio Version 17
VisualStudioVersion = 17.5.002.0
MinimumVisualStudioVersion = 10.0.40219.1
Project("{9A19103F-16F7-4668-BE54-9A1E7A4F7556}") = "az204-authetication-msal", "az204-authetication-msal.csproj", "{4FEA76FF-4228-460B-B4A9-058BFF9186F8}"
EndProject
Global
	GlobalSection(SolutionConfigurationPlatforms) = preSolution
		Debug|Any CPU = Debug|Any CPU
		Release|Any CPU = Release|Any CPU
	EndGlobalSection
	GlobalSection(ProjectConfigurationPlatforms) = postSolution
		{4FEA76FF-4228-460B-B4A9-058BFF9186F8}.Debug|Any CPU.ActiveCfg = Debug|Any CPU
		{4FEA76FF-4228-460B-B4A9-058BFF9186F8}.Debug|Any CPU.Build.0 = Debug|Any CPU
		{4FEA76FF-4228-460B-B4A9-058BFF9186F8}.Release|Any CPU.ActiveCfg = Release|Any CPU
		{4FEA76FF-4228-460B-B4A9-058BFF9186F8}.Release|Any CPU.Build.0 = Release|Any CPU
	EndGlobalSection
	GlobalSection(SolutionProperties) = preSolution
		HideSolutionNode = FALSE
	EndGlobalSection
	GlobalSection(ExtensibilityGlobals) = postSolution
		SolutionGuid = {E6B910F1-003D-4806-A628-757D7A3C6AC5}
	EndGlobalSection
EndGlobal
